
Microsoft Visual Studio Solution File, Format Version 12.00
# Visual Studio Version 17
VisualStudioVersion = 17.3.32929.385
MinimumVisualStudioVersion = 10.0.40219.1
Project("{8BC9CEB8-8B4A-11D0-8D11-00A0C91BC942}") = "OpenGLSetUpProject", "OpenGLSetUpProject\OpenGLSetUpProject.vcxproj", "{930C2843-C56B-4F4D-BE6E-9FE1585C8156}"
EndProject
Global
	GlobalSection(SolutionConfigurationPlatforms) = preSolution
		Debug|x64 = Debug|x64
		Debug|x86 = Debug|x86
		Release|x64 = Release|x64
		Release|x86 = Release|x86
	EndGlobalSection
	GlobalSection(ProjectConfigurationPlatforms) = postSolution
		{930C2843-C56B-4F4D-BE6E-9FE1585C8156}.Debug|x64.ActiveCfg = Debug|x64
		{930C2843-C56B-4F4D-BE6E-9FE1585C8156}.Debug|x64.Build.0 = Debug|x64
		{930C2843-C56B-4F4D-BE6E-9FE1585C8156}.Debug|x86.ActiveCfg = Debug|Win32
		{930C2843-C56B-4F4D-BE6E-9FE1585C8156}.Debug|x86.Build.0 = Debug|Win32
		{930C2843-C56B-4F4D-BE6E-9FE1585C8156}.Release|x64.ActiveCfg = Release|x64
		{930C2843-C56B-4F4D-BE6E-9FE1585C8156}.Release|x64.Build.0 = Release|x64
		{930C2843-C56B-4F4D-BE6E-9FE1585C8156}.Release|x86.ActiveCfg = Release|Win32
		{930C2843-C56B-4F4D-BE6E-9FE1585C8156}.Release|x86.Build.0 = Release|Win32
	EndGlobalSection
	GlobalSection(SolutionProperties) = preSolution
		HideSolutionNode = FALSE
	EndGlobalSection
	GlobalSection(ExtensibilityGlobals) = postSolution
		SolutionGuid = {CEF77071-5AEB-497D-9114-05D78D7C7DB8}
	EndGlobalSection
EndGlobal
